// !$*UTF8*$!
{
	archiveVersion = 1;
	classes = {
	};
	objectVersion = 46;
	objects = {

/* Begin PBXBuildFile section */
		865E44241DC0E2C80018D7BF /* AppDelegate.m in Sources */ = {isa = PBXBuildFile; fileRef = 865E44231DC0E2C80018D7BF /* AppDelegate.m */; settings = {ASSET_TAGS = (); }; };
		865E44271DC0E3620018D7BF /* BSMainTabBarController.m in Sources */ = {isa = PBXBuildFile; fileRef = 865E44261DC0E3620018D7BF /* BSMainTabBarController.m */; settings = {ASSET_TAGS = (); }; };
		865E442A1DC0E4430018D7BF /* BSMainNavigationController.m in Sources */ = {isa = PBXBuildFile; fileRef = 865E44291DC0E4430018D7BF /* BSMainNavigationController.m */; settings = {ASSET_TAGS = (); }; };
		865E442D1DC0F7360018D7BF /* BSEssenceController.m in Sources */ = {isa = PBXBuildFile; fileRef = 865E442C1DC0F7360018D7BF /* BSEssenceController.m */; settings = {ASSET_TAGS = (); }; };
		865E44301DC0F7670018D7BF /* BSNewController.m in Sources */ = {isa = PBXBuildFile; fileRef = 865E442F1DC0F7670018D7BF /* BSNewController.m */; settings = {ASSET_TAGS = (); }; };
		865E44331DC0F7840018D7BF /* BSFocusController.m in Sources */ = {isa = PBXBuildFile; fileRef = 865E44321DC0F7840018D7BF /* BSFocusController.m */; settings = {ASSET_TAGS = (); }; };
		865E44361DC0F7B40018D7BF /* BSMineController.m in Sources */ = {isa = PBXBuildFile; fileRef = 865E44351DC0F7B40018D7BF /* BSMineController.m */; settings = {ASSET_TAGS = (); }; };
		866B620B1DC616DD006E81E5 /* BSMainContentController.m in Sources */ = {isa = PBXBuildFile; fileRef = 866B620A1DC616DD006E81E5 /* BSMainContentController.m */; settings = {ASSET_TAGS = (); }; };
		866B620E1DC63CD8006E81E5 /* BSFocusRecommendController.m in Sources */ = {isa = PBXBuildFile; fileRef = 866B620D1DC63CD8006E81E5 /* BSFocusRecommendController.m */; settings = {ASSET_TAGS = (); }; };
		8675811A1DC3791400AF91E2 /* UIBarButtonItem+BS.m in Sources */ = {isa = PBXBuildFile; fileRef = 867581191DC3791400AF91E2 /* UIBarButtonItem+BS.m */; settings = {ASSET_TAGS = (); }; };
		867581211DC3944C00AF91E2 /* BSVideoController.m in Sources */ = {isa = PBXBuildFile; fileRef = 867581201DC3944C00AF91E2 /* BSVideoController.m */; settings = {ASSET_TAGS = (); }; };
		867581241DC3947700AF91E2 /* BSRecommendController.m in Sources */ = {isa = PBXBuildFile; fileRef = 867581231DC3947700AF91E2 /* BSRecommendController.m */; settings = {ASSET_TAGS = (); }; };
		867581271DC3949300AF91E2 /* BSPictureController.m in Sources */ = {isa = PBXBuildFile; fileRef = 867581261DC3949300AF91E2 /* BSPictureController.m */; settings = {ASSET_TAGS = (); }; };
		86B95E731DC1B3BA00CDF46C /* BSTabBar.m in Sources */ = {isa = PBXBuildFile; fileRef = 86B95E721DC1B3BA00CDF46C /* BSTabBar.m */; settings = {ASSET_TAGS = (); }; };
		86E1F4EF1DC0DB9E006AFE12 /* main.m in Sources */ = {isa = PBXBuildFile; fileRef = 86E1F4EE1DC0DB9E006AFE12 /* main.m */; };
		86E1F4FA1DC0DB9E006AFE12 /* Assets.xcassets in Resources */ = {isa = PBXBuildFile; fileRef = 86E1F4F91DC0DB9E006AFE12 /* Assets.xcassets */; };
		86E1F5081DC0DB9E006AFE12 /* _____Tests.m in Sources */ = {isa = PBXBuildFile; fileRef = 86E1F5071DC0DB9E006AFE12 /* _____Tests.m */; };
		86E1F5131DC0DB9E006AFE12 /* _____UITests.m in Sources */ = {isa = PBXBuildFile; fileRef = 86E1F5121DC0DB9E006AFE12 /* _____UITests.m */; };
/* End PBXBuildFile section */

/* Begin PBXContainerItemProxy section */
		86E1F5041DC0DB9E006AFE12 /* PBXContainerItemProxy */ = {
			isa = PBXContainerItemProxy;
			containerPortal = 86E1F4E21DC0DB9E006AFE12 /* Project object */;
			proxyType = 1;
			remoteGlobalIDString = 86E1F4E91DC0DB9E006AFE12;
			remoteInfo = "百思不得姐";
		};
		86E1F50F1DC0DB9E006AFE12 /* PBXContainerItemProxy */ = {
			isa = PBXContainerItemProxy;
			containerPortal = 86E1F4E21DC0DB9E006AFE12 /* Project object */;
			proxyType = 1;
			remoteGlobalIDString = 86E1F4E91DC0DB9E006AFE12;
			remoteInfo = "百思不得姐";
		};
/* End PBXContainerItemProxy section */

/* Begin PBXFileReference section */
		865E44221DC0E2C80018D7BF /* AppDelegate.h */ = {isa = PBXFileReference; fileEncoding = 4; lastKnownFileType = sourcecode.c.h; path = AppDelegate.h; sourceTree = "<group>"; };
		865E44231DC0E2C80018D7BF /* AppDelegate.m */ = {isa = PBXFileReference; fileEncoding = 4; lastKnownFileType = sourcecode.c.objc; path = AppDelegate.m; sourceTree = "<group>"; };
		865E44251DC0E3620018D7BF /* BSMainTabBarController.h */ = {isa = PBXFileReference; fileEncoding = 4; lastKnownFileType = sourcecode.c.h; path = BSMainTabBarController.h; sourceTree = "<group>"; };
		865E44261DC0E3620018D7BF /* BSMainTabBarController.m */ = {isa = PBXFileReference; fileEncoding = 4; lastKnownFileType = sourcecode.c.objc; path = BSMainTabBarController.m; sourceTree = "<group>"; };
		865E44281DC0E4430018D7BF /* BSMainNavigationController.h */ = {isa = PBXFileReference; fileEncoding = 4; lastKnownFileType = sourcecode.c.h; path = BSMainNavigationController.h; sourceTree = "<group>"; };
		865E44291DC0E4430018D7BF /* BSMainNavigationController.m */ = {isa = PBXFileReference; fileEncoding = 4; lastKnownFileType = sourcecode.c.objc; path = BSMainNavigationController.m; sourceTree = "<group>"; };
		865E442B1DC0F7360018D7BF /* BSEssenceController.h */ = {isa = PBXFileReference; fileEncoding = 4; lastKnownFileType = sourcecode.c.h; path = BSEssenceController.h; sourceTree = "<group>"; };
		865E442C1DC0F7360018D7BF /* BSEssenceController.m */ = {isa = PBXFileReference; fileEncoding = 4; lastKnownFileType = sourcecode.c.objc; path = BSEssenceController.m; sourceTree = "<group>"; };
		865E442E1DC0F7670018D7BF /* BSNewController.h */ = {isa = PBXFileReference; fileEncoding = 4; lastKnownFileType = sourcecode.c.h; path = BSNewController.h; sourceTree = "<group>"; };
		865E442F1DC0F7670018D7BF /* BSNewController.m */ = {isa = PBXFileReference; fileEncoding = 4; lastKnownFileType = sourcecode.c.objc; path = BSNewController.m; sourceTree = "<group>"; };
		865E44311DC0F7840018D7BF /* BSFocusController.h */ = {isa = PBXFileReference; fileEncoding = 4; lastKnownFileType = sourcecode.c.h; path = BSFocusController.h; sourceTree = "<group>"; };
		865E44321DC0F7840018D7BF /* BSFocusController.m */ = {isa = PBXFileReference; fileEncoding = 4; lastKnownFileType = sourcecode.c.objc; path = BSFocusController.m; sourceTree = "<group>"; };
		865E44341DC0F7B40018D7BF /* BSMineController.h */ = {isa = PBXFileReference; fileEncoding = 4; lastKnownFileType = sourcecode.c.h; path = BSMineController.h; sourceTree = "<group>"; };
		865E44351DC0F7B40018D7BF /* BSMineController.m */ = {isa = PBXFileReference; fileEncoding = 4; lastKnownFileType = sourcecode.c.objc; path = BSMineController.m; sourceTree = "<group>"; };
		866B62091DC616DD006E81E5 /* BSMainContentController.h */ = {isa = PBXFileReference; fileEncoding = 4; lastKnownFileType = sourcecode.c.h; path = BSMainContentController.h; sourceTree = "<group>"; };
		866B620A1DC616DD006E81E5 /* BSMainContentController.m */ = {isa = PBXFileReference; fileEncoding = 4; lastKnownFileType = sourcecode.c.objc; path = BSMainContentController.m; sourceTree = "<group>"; };
		866B620C1DC63CD8006E81E5 /* BSFocusRecommendController.h */ = {isa = PBXFileReference; fileEncoding = 4; lastKnownFileType = sourcecode.c.h; path = BSFocusRecommendController.h; sourceTree = "<group>"; };
		866B620D1DC63CD8006E81E5 /* BSFocusRecommendController.m */ = {isa = PBXFileReference; fileEncoding = 4; lastKnownFileType = sourcecode.c.objc; path = BSFocusRecommendController.m; sourceTree = "<group>"; };
		867581181DC3791400AF91E2 /* UIBarButtonItem+BS.h */ = {isa = PBXFileReference; fileEncoding = 4; lastKnownFileType = sourcecode.c.h; path = "UIBarButtonItem+BS.h"; sourceTree = "<group>"; };
		867581191DC3791400AF91E2 /* UIBarButtonItem+BS.m */ = {isa = PBXFileReference; fileEncoding = 4; lastKnownFileType = sourcecode.c.objc; path = "UIBarButtonItem+BS.m"; sourceTree = "<group>"; };
		8675811F1DC3944C00AF91E2 /* BSVideoController.h */ = {isa = PBXFileReference; fileEncoding = 4; lastKnownFileType = sourcecode.c.h; path = BSVideoController.h; sourceTree = "<group>"; };
		867581201DC3944C00AF91E2 /* BSVideoController.m */ = {isa = PBXFileReference; fileEncoding = 4; lastKnownFileType = sourcecode.c.objc; path = BSVideoController.m; sourceTree = "<group>"; };
		867581221DC3947700AF91E2 /* BSRecommendController.h */ = {isa = PBXFileReference; fileEncoding = 4; lastKnownFileType = sourcecode.c.h; path = BSRecommendController.h; sourceTree = "<group>"; };
		867581231DC3947700AF91E2 /* BSRecommendController.m */ = {isa = PBXFileReference; fileEncoding = 4; lastKnownFileType = sourcecode.c.objc; path = BSRecommendController.m; sourceTree = "<group>"; };
		867581251DC3949300AF91E2 /* BSPictureController.h */ = {isa = PBXFileReference; fileEncoding = 4; lastKnownFileType = sourcecode.c.h; path = BSPictureController.h; sourceTree = "<group>"; };
		867581261DC3949300AF91E2 /* BSPictureController.m */ = {isa = PBXFileReference; fileEncoding = 4; lastKnownFileType = sourcecode.c.objc; path = BSPictureController.m; sourceTree = "<group>"; };
		86B95E711DC1B3BA00CDF46C /* BSTabBar.h */ = {isa = PBXFileReference; fileEncoding = 4; lastKnownFileType = sourcecode.c.h; path = BSTabBar.h; sourceTree = "<group>"; };
		86B95E721DC1B3BA00CDF46C /* BSTabBar.m */ = {isa = PBXFileReference; fileEncoding = 4; lastKnownFileType = sourcecode.c.objc; path = BSTabBar.m; sourceTree = "<group>"; };
		86E1F4EA1DC0DB9E006AFE12 /* 百思不得姐.app */ = {isa = PBXFileReference; explicitFileType = wrapper.application; includeInIndex = 0; path = "百思不得姐.app"; sourceTree = BUILT_PRODUCTS_DIR; };
		86E1F4EE1DC0DB9E006AFE12 /* main.m */ = {isa = PBXFileReference; lastKnownFileType = sourcecode.c.objc; path = main.m; sourceTree = "<group>"; };
		86E1F4F91DC0DB9E006AFE12 /* Assets.xcassets */ = {isa = PBXFileReference; lastKnownFileType = folder.assetcatalog; path = Assets.xcassets; sourceTree = "<group>"; };
		86E1F4FE1DC0DB9E006AFE12 /* Info.plist */ = {isa = PBXFileReference; lastKnownFileType = text.plist.xml; path = Info.plist; sourceTree = "<group>"; };
		86E1F5031DC0DB9E006AFE12 /* 百思不得姐Tests.xctest */ = {isa = PBXFileReference; explicitFileType = wrapper.cfbundle; includeInIndex = 0; path = "百思不得姐Tests.xctest"; sourceTree = BUILT_PRODUCTS_DIR; };
		86E1F5071DC0DB9E006AFE12 /* _____Tests.m */ = {isa = PBXFileReference; lastKnownFileType = sourcecode.c.objc; path = "_____Tests.m"; sourceTree = "<group>"; };
		86E1F5091DC0DB9E006AFE12 /* Info.plist */ = {isa = PBXFileReference; lastKnownFileType = text.plist.xml; path = Info.plist; sourceTree = "<group>"; };
		86E1F50E1DC0DB9E006AFE12 /* 百思不得姐UITests.xctest */ = {isa = PBXFileReference; explicitFileType = wrapper.cfbundle; includeInIndex = 0; path = "百思不得姐UITests.xctest"; sourceTree = BUILT_PRODUCTS_DIR; };
		86E1F5121DC0DB9E006AFE12 /* _____UITests.m */ = {isa = PBXFileReference; lastKnownFileType = sourcecode.c.objc; path = "_____UITests.m"; sourceTree = "<group>"; };
		86E1F5141DC0DB9E006AFE12 /* Info.plist */ = {isa = PBXFileReference; lastKnownFileType = text.plist.xml; path = Info.plist; sourceTree = "<group>"; };
/* End PBXFileReference section */

/* Begin PBXFrameworksBuildPhase section */
		86E1F4E71DC0DB9E006AFE12 /* Frameworks */ = {
			isa = PBXFrameworksBuildPhase;
			buildActionMask = 2147483647;
			files = (
			);
			runOnlyForDeploymentPostprocessing = 0;
		};
		86E1F5001DC0DB9E006AFE12 /* Frameworks */ = {
			isa = PBXFrameworksBuildPhase;
			buildActionMask = 2147483647;
			files = (
			);
			runOnlyForDeploymentPostprocessing = 0;
		};
		86E1F50B1DC0DB9E006AFE12 /* Frameworks */ = {
			isa = PBXFrameworksBuildPhase;
			buildActionMask = 2147483647;
			files = (
			);
			runOnlyForDeploymentPostprocessing = 0;
		};
/* End PBXFrameworksBuildPhase section */

/* Begin PBXGroup section */
		865E44071DC0E1FB0018D7BF /* Classes */ = {
			isa = PBXGroup;
			children = (
				867581161DC378BB00AF91E2 /* Support */,
				865E44081DC0E1FB0018D7BF /* Comment */,
				865E440C1DC0E1FB0018D7BF /* Essence */,
				865E44101DC0E1FB0018D7BF /* Focus */,
				865E44141DC0E1FB0018D7BF /* Main */,
				865E44181DC0E1FB0018D7BF /* Mine */,
				865E441C1DC0E1FB0018D7BF /* New */,
				865E44201DC0E1FB0018D7BF /* Tools */,
			);
			path = Classes;
			sourceTree = "<group>";
		};
		865E44081DC0E1FB0018D7BF /* Comment */ = {
			isa = PBXGroup;
			children = (
				865E44091DC0E1FB0018D7BF /* Controllers */,
				865E440A1DC0E1FB0018D7BF /* Models */,
				865E440B1DC0E1FB0018D7BF /* Views */,
			);
			path = Comment;
			sourceTree = "<group>";
		};
		865E44091DC0E1FB0018D7BF /* Controllers */ = {
			isa = PBXGroup;
			children = (
			);
			path = Controllers;
			sourceTree = "<group>";
		};
		865E440A1DC0E1FB0018D7BF /* Models */ = {
			isa = PBXGroup;
			children = (
			);
			path = Models;
			sourceTree = "<group>";
		};
		865E440B1DC0E1FB0018D7BF /* Views */ = {
			isa = PBXGroup;
			children = (
			);
			path = Views;
			sourceTree = "<group>";
		};
		865E440C1DC0E1FB0018D7BF /* Essence */ = {
			isa = PBXGroup;
			children = (
				865E440D1DC0E1FB0018D7BF /* Controllers */,
				865E440E1DC0E1FB0018D7BF /* Models */,
				865E440F1DC0E1FB0018D7BF /* Views */,
			);
			path = Essence;
			sourceTree = "<group>";
		};
		865E440D1DC0E1FB0018D7BF /* Controllers */ = {
			isa = PBXGroup;
			children = (
				865E442B1DC0F7360018D7BF /* BSEssenceController.h */,
				865E442C1DC0F7360018D7BF /* BSEssenceController.m */,
			);
			path = Controllers;
			sourceTree = "<group>";
		};
		865E440E1DC0E1FB0018D7BF /* Models */ = {
			isa = PBXGroup;
			children = (
			);
			path = Models;
			sourceTree = "<group>";
		};
		865E440F1DC0E1FB0018D7BF /* Views */ = {
			isa = PBXGroup;
			children = (
			);
			path = Views;
			sourceTree = "<group>";
		};
		865E44101DC0E1FB0018D7BF /* Focus */ = {
			isa = PBXGroup;
			children = (
				865E44111DC0E1FB0018D7BF /* Controllers */,
				865E44121DC0E1FB0018D7BF /* Models */,
				865E44131DC0E1FB0018D7BF /* Views */,
			);
			path = Focus;
			sourceTree = "<group>";
		};
		865E44111DC0E1FB0018D7BF /* Controllers */ = {
			isa = PBXGroup;
			children = (
				865E44311DC0F7840018D7BF /* BSFocusController.h */,
				865E44321DC0F7840018D7BF /* BSFocusController.m */,
				866B620C1DC63CD8006E81E5 /* BSFocusRecommendController.h */,
				866B620D1DC63CD8006E81E5 /* BSFocusRecommendController.m */,
			);
			path = Controllers;
			sourceTree = "<group>";
		};
		865E44121DC0E1FB0018D7BF /* Models */ = {
			isa = PBXGroup;
			children = (
			);
			path = Models;
			sourceTree = "<group>";
		};
		865E44131DC0E1FB0018D7BF /* Views */ = {
			isa = PBXGroup;
			children = (
			);
			path = Views;
			sourceTree = "<group>";
		};
		865E44141DC0E1FB0018D7BF /* Main */ = {
			isa = PBXGroup;
			children = (
				865E44151DC0E1FB0018D7BF /* Controllers */,
				865E44161DC0E1FB0018D7BF /* Models */,
				865E44171DC0E1FB0018D7BF /* Views */,
			);
			path = Main;
			sourceTree = "<group>";
		};
		865E44151DC0E1FB0018D7BF /* Controllers */ = {
			isa = PBXGroup;
			children = (
				8675811B1DC393AA00AF91E2 /* ControllersList */,
				865E44251DC0E3620018D7BF /* BSMainTabBarController.h */,
				865E44261DC0E3620018D7BF /* BSMainTabBarController.m */,
				865E44281DC0E4430018D7BF /* BSMainNavigationController.h */,
				865E44291DC0E4430018D7BF /* BSMainNavigationController.m */,
				866B62091DC616DD006E81E5 /* BSMainContentController.h */,
				866B620A1DC616DD006E81E5 /* BSMainContentController.m */,
			);
			path = Controllers;
			sourceTree = "<group>";
		};
		865E44161DC0E1FB0018D7BF /* Models */ = {
			isa = PBXGroup;
			children = (
			);
			path = Models;
			sourceTree = "<group>";
		};
		865E44171DC0E1FB0018D7BF /* Views */ = {
			isa = PBXGroup;
			children = (
				86B95E711DC1B3BA00CDF46C /* BSTabBar.h */,
				86B95E721DC1B3BA00CDF46C /* BSTabBar.m */,
			);
			path = Views;
			sourceTree = "<group>";
		};
		865E44181DC0E1FB0018D7BF /* Mine */ = {
			isa = PBXGroup;
			children = (
				865E44191DC0E1FB0018D7BF /* Controllers */,
				865E441A1DC0E1FB0018D7BF /* Models */,
				865E441B1DC0E1FB0018D7BF /* Views */,
			);
			path = Mine;
			sourceTree = "<group>";
		};
		865E44191DC0E1FB0018D7BF /* Controllers */ = {
			isa = PBXGroup;
			children = (
				865E44341DC0F7B40018D7BF /* BSMineController.h */,
				865E44351DC0F7B40018D7BF /* BSMineController.m */,
			);
			path = Controllers;
			sourceTree = "<group>";
		};
		865E441A1DC0E1FB0018D7BF /* Models */ = {
			isa = PBXGroup;
			children = (
			);
			path = Models;
			sourceTree = "<group>";
		};
		865E441B1DC0E1FB0018D7BF /* Views */ = {
			isa = PBXGroup;
			children = (
			);
			path = Views;
			sourceTree = "<group>";
		};
		865E441C1DC0E1FB0018D7BF /* New */ = {
			isa = PBXGroup;
			children = (
				865E441D1DC0E1FB0018D7BF /* Controllers */,
				865E441E1DC0E1FB0018D7BF /* Models */,
				865E441F1DC0E1FB0018D7BF /* Views */,
			);
			path = New;
			sourceTree = "<group>";
		};
		865E441D1DC0E1FB0018D7BF /* Controllers */ = {
			isa = PBXGroup;
			children = (
				865E442E1DC0F7670018D7BF /* BSNewController.h */,
				865E442F1DC0F7670018D7BF /* BSNewController.m */,
			);
			path = Controllers;
			sourceTree = "<group>";
		};
		865E441E1DC0E1FB0018D7BF /* Models */ = {
			isa = PBXGroup;
			children = (
			);
			path = Models;
			sourceTree = "<group>";
		};
		865E441F1DC0E1FB0018D7BF /* Views */ = {
			isa = PBXGroup;
			children = (
			);
			path = Views;
			sourceTree = "<group>";
		};
		865E44201DC0E1FB0018D7BF /* Tools */ = {
			isa = PBXGroup;
			children = (
			);
			path = Tools;
			sourceTree = "<group>";
		};
		865E44211DC0E2440018D7BF /* Others */ = {
			isa = PBXGroup;
			children = (
				865E44221DC0E2C80018D7BF /* AppDelegate.h */,
				865E44231DC0E2C80018D7BF /* AppDelegate.m */,
			);
			name = Others;
			path = Classes/Others;
			sourceTree = "<group>";
		};
		867581161DC378BB00AF91E2 /* Support */ = {
			isa = PBXGroup;
			children = (
				867581171DC378BB00AF91E2 /* Extention */,
			);
			path = Support;
			sourceTree = "<group>";
		};
		867581171DC378BB00AF91E2 /* Extention */ = {
			isa = PBXGroup;
			children = (
				867581181DC3791400AF91E2 /* UIBarButtonItem+BS.h */,
				867581191DC3791400AF91E2 /* UIBarButtonItem+BS.m */,
			);
			path = Extention;
			sourceTree = "<group>";
		};
		8675811B1DC393AA00AF91E2 /* ControllersList */ = {
			isa = PBXGroup;
			children = (
				8675811F1DC3944C00AF91E2 /* BSVideoController.h */,
				867581201DC3944C00AF91E2 /* BSVideoController.m */,
				867581221DC3947700AF91E2 /* BSRecommendController.h */,
				867581231DC3947700AF91E2 /* BSRecommendController.m */,
				867581251DC3949300AF91E2 /* BSPictureController.h */,
				867581261DC3949300AF91E2 /* BSPictureController.m */,
			);
			path = ControllersList;
			sourceTree = "<group>";
		};
		86E1F4E11DC0DB9E006AFE12 = {
			isa = PBXGroup;
			children = (
				86E1F4EC1DC0DB9E006AFE12 /* 百思不得姐 */,
				86E1F5061DC0DB9E006AFE12 /* 百思不得姐Tests */,
				86E1F5111DC0DB9E006AFE12 /* 百思不得姐UITests */,
				86E1F4EB1DC0DB9E006AFE12 /* Products */,
			);
			sourceTree = "<group>";
		};
		86E1F4EB1DC0DB9E006AFE12 /* Products */ = {
			isa = PBXGroup;
			children = (
				86E1F4EA1DC0DB9E006AFE12 /* 百思不得姐.app */,
				86E1F5031DC0DB9E006AFE12 /* 百思不得姐Tests.xctest */,
				86E1F50E1DC0DB9E006AFE12 /* 百思不得姐UITests.xctest */,
			);
			name = Products;
			sourceTree = "<group>";
		};
		86E1F4EC1DC0DB9E006AFE12 /* 百思不得姐 */ = {
			isa = PBXGroup;
			children = (
				865E44071DC0E1FB0018D7BF /* Classes */,
				865E44211DC0E2440018D7BF /* Others */,
				86E1F4F91DC0DB9E006AFE12 /* Assets.xcassets */,
				86E1F4FE1DC0DB9E006AFE12 /* Info.plist */,
				86E1F4ED1DC0DB9E006AFE12 /* Supporting Files */,
			);
			path = "百思不得姐";
			sourceTree = "<group>";
		};
		86E1F4ED1DC0DB9E006AFE12 /* Supporting Files */ = {
			isa = PBXGroup;
			children = (
				86E1F4EE1DC0DB9E006AFE12 /* main.m */,
			);
			name = "Supporting Files";
			sourceTree = "<group>";
		};
		86E1F5061DC0DB9E006AFE12 /* 百思不得姐Tests */ = {
			isa = PBXGroup;
			children = (
				86E1F5071DC0DB9E006AFE12 /* _____Tests.m */,
				86E1F5091DC0DB9E006AFE12 /* Info.plist */,
			);
			path = "百思不得姐Tests";
			sourceTree = "<group>";
		};
		86E1F5111DC0DB9E006AFE12 /* 百思不得姐UITests */ = {
			isa = PBXGroup;
			children = (
				86E1F5121DC0DB9E006AFE12 /* _____UITests.m */,
				86E1F5141DC0DB9E006AFE12 /* Info.plist */,
			);
			path = "百思不得姐UITests";
			sourceTree = "<group>";
		};
/* End PBXGroup section */

/* Begin PBXNativeTarget section */
		86E1F4E91DC0DB9E006AFE12 /* 百思不得姐 */ = {
			isa = PBXNativeTarget;
			buildConfigurationList = 86E1F5171DC0DB9E006AFE12 /* Build configuration list for PBXNativeTarget "百思不得姐" */;
			buildPhases = (
				86E1F4E61DC0DB9E006AFE12 /* Sources */,
				86E1F4E71DC0DB9E006AFE12 /* Frameworks */,
				86E1F4E81DC0DB9E006AFE12 /* Resources */,
			);
			buildRules = (
			);
			dependencies = (
			);
			name = "百思不得姐";
			productName = "百思不得姐";
			productReference = 86E1F4EA1DC0DB9E006AFE12 /* 百思不得姐.app */;
			productType = "com.apple.product-type.application";
		};
		86E1F5021DC0DB9E006AFE12 /* 百思不得姐Tests */ = {
			isa = PBXNativeTarget;
			buildConfigurationList = 86E1F51A1DC0DB9E006AFE12 /* Build configuration list for PBXNativeTarget "百思不得姐Tests" */;
			buildPhases = (
				86E1F4FF1DC0DB9E006AFE12 /* Sources */,
				86E1F5001DC0DB9E006AFE12 /* Frameworks */,
				86E1F5011DC0DB9E006AFE12 /* Resources */,
			);
			buildRules = (
			);
			dependencies = (
				86E1F5051DC0DB9E006AFE12 /* PBXTargetDependency */,
			);
			name = "百思不得姐Tests";
			productName = "百思不得姐Tests";
			productReference = 86E1F5031DC0DB9E006AFE12 /* 百思不得姐Tests.xctest */;
			productType = "com.apple.product-type.bundle.unit-test";
		};
		86E1F50D1DC0DB9E006AFE12 /* 百思不得姐UITests */ = {
			isa = PBXNativeTarget;
			buildConfigurationList = 86E1F51D1DC0DB9E006AFE12 /* Build configuration list for PBXNativeTarget "百思不得姐UITests" */;
			buildPhases = (
				86E1F50A1DC0DB9E006AFE12 /* Sources */,
				86E1F50B1DC0DB9E006AFE12 /* Frameworks */,
				86E1F50C1DC0DB9E006AFE12 /* Resources */,
			);
			buildRules = (
			);
			dependencies = (
				86E1F5101DC0DB9E006AFE12 /* PBXTargetDependency */,
			);
			name = "百思不得姐UITests";
			productName = "百思不得姐UITests";
			productReference = 86E1F50E1DC0DB9E006AFE12 /* 百思不得姐UITests.xctest */;
			productType = "com.apple.product-type.bundle.ui-testing";
		};
/* End PBXNativeTarget section */

/* Begin PBXProject section */
		86E1F4E21DC0DB9E006AFE12 /* Project object */ = {
			isa = PBXProject;
			attributes = {
				LastUpgradeCheck = 0700;
				ORGANIZATIONNAME = "Wuhan University";
				TargetAttributes = {
					86E1F4E91DC0DB9E006AFE12 = {
						CreatedOnToolsVersion = 7.0;
					};
					86E1F5021DC0DB9E006AFE12 = {
						CreatedOnToolsVersion = 7.0;
						TestTargetID = 86E1F4E91DC0DB9E006AFE12;
					};
					86E1F50D1DC0DB9E006AFE12 = {
						CreatedOnToolsVersion = 7.0;
						TestTargetID = 86E1F4E91DC0DB9E006AFE12;
					};
				};
			};
			buildConfigurationList = 86E1F4E51DC0DB9E006AFE12 /* Build configuration list for PBXProject "百思不得姐" */;
			compatibilityVersion = "Xcode 3.2";
			developmentRegion = English;
			hasScannedForEncodings = 0;
			knownRegions = (
				en,
				Base,
			);
			mainGroup = 86E1F4E11DC0DB9E006AFE12;
			productRefGroup = 86E1F4EB1DC0DB9E006AFE12 /* Products */;
			projectDirPath = "";
			projectRoot = "";
			targets = (
				86E1F4E91DC0DB9E006AFE12 /* 百思不得姐 */,
				86E1F5021DC0DB9E006AFE12 /* 百思不得姐Tests */,
				86E1F50D1DC0DB9E006AFE12 /* 百思不得姐UITests */,
			);
		};
/* End PBXProject section */

/* Begin PBXResourcesBuildPhase section */
		86E1F4E81DC0DB9E006AFE12 /* Resources */ = {
			isa = PBXResourcesBuildPhase;
			buildActionMask = 2147483647;
			files = (
				86E1F4FA1DC0DB9E006AFE12 /* Assets.xcassets in Resources */,
			);
			runOnlyForDeploymentPostprocessing = 0;
		};
		86E1F5011DC0DB9E006AFE12 /* Resources */ = {
			isa = PBXResourcesBuildPhase;
			buildActionMask = 2147483647;
			files = (
			);
			runOnlyForDeploymentPostprocessing = 0;
		};
		86E1F50C1DC0DB9E006AFE12 /* Resources */ = {
			isa = PBXResourcesBuildPhase;
			buildActionMask = 2147483647;
			files = (
			);
			runOnlyForDeploymentPostprocessing = 0;
		};
/* End PBXResourcesBuildPhase section */

/* Begin PBXSourcesBuildPhase section */
		86E1F4E61DC0DB9E006AFE12 /* Sources */ = {
			isa = PBXSourcesBuildPhase;
			buildActionMask = 2147483647;
			files = (
				86B95E731DC1B3BA00CDF46C /* BSTabBar.m in Sources */,
				865E442D1DC0F7360018D7BF /* BSEssenceController.m in Sources */,
				865E44301DC0F7670018D7BF /* BSNewController.m in Sources */,
				865E44271DC0E3620018D7BF /* BSMainTabBarController.m in Sources */,
				865E442A1DC0E4430018D7BF /* BSMainNavigationController.m in Sources */,
				86E1F4EF1DC0DB9E006AFE12 /* main.m in Sources */,
				865E44331DC0F7840018D7BF /* BSFocusController.m in Sources */,
				8675811A1DC3791400AF91E2 /* UIBarButtonItem+BS.m in Sources */,
				865E44241DC0E2C80018D7BF /* AppDelegate.m in Sources */,
				867581271DC3949300AF91E2 /* BSPictureController.m in Sources */,
				867581241DC3947700AF91E2 /* BSRecommendController.m in Sources */,
				866B620B1DC616DD006E81E5 /* BSMainContentController.m in Sources */,
				866B620E1DC63CD8006E81E5 /* BSFocusRecommendController.m in Sources */,
				867581211DC3944C00AF91E2 /* BSVideoController.m in Sources */,
				865E44361DC0F7B40018D7BF /* BSMineController.m in Sources */,
			);
			runOnlyForDeploymentPostprocessing = 0;
		};
		86E1F4FF1DC0DB9E006AFE12 /* Sources */ = {
			isa = PBXSourcesBuildPhase;
			buildActionMask = 2147483647;
			files = (
				86E1F5081DC0DB9E006AFE12 /* _____Tests.m in Sources */,
			);
			runOnlyForDeploymentPostprocessing = 0;
		};
		86E1F50A1DC0DB9E006AFE12 /* Sources */ = {
			isa = PBXSourcesBuildPhase;
			buildActionMask = 2147483647;
			files = (
				86E1F5131DC0DB9E006AFE12 /* _____UITests.m in Sources */,
			);
			runOnlyForDeploymentPostprocessing = 0;
		};
/* End PBXSourcesBuildPhase section */

/* Begin PBXTargetDependency section */
		86E1F5051DC0DB9E006AFE12 /* PBXTargetDependency */ = {
			isa = PBXTargetDependency;
			target = 86E1F4E91DC0DB9E006AFE12 /* 百思不得姐 */;
			targetProxy = 86E1F5041DC0DB9E006AFE12 /* PBXContainerItemProxy */;
		};
		86E1F5101DC0DB9E006AFE12 /* PBXTargetDependency */ = {
			isa = PBXTargetDependency;
			target = 86E1F4E91DC0DB9E006AFE12 /* 百思不得姐 */;
			targetProxy = 86E1F50F1DC0DB9E006AFE12 /* PBXContainerItemProxy */;
		};
/* End PBXTargetDependency section */

/* Begin XCBuildConfiguration section */
		86E1F5151DC0DB9E006AFE12 /* Debug */ = {
			isa = XCBuildConfiguration;
			buildSettings = {
				ALWAYS_SEARCH_USER_PATHS = NO;
				CLANG_CXX_LANGUAGE_STANDARD = "gnu++0x";
				CLANG_CXX_LIBRARY = "libc++";
				CLANG_ENABLE_MODULES = YES;
				CLANG_ENABLE_OBJC_ARC = YES;
				CLANG_WARN_BOOL_CONVERSION = YES;
				CLANG_WARN_CONSTANT_CONVERSION = YES;
				CLANG_WARN_DIRECT_OBJC_ISA_USAGE = YES_ERROR;
				CLANG_WARN_EMPTY_BODY = YES;
				CLANG_WARN_ENUM_CONVERSION = YES;
				CLANG_WARN_INT_CONVERSION = YES;
				CLANG_WARN_OBJC_ROOT_CLASS = YES_ERROR;
				CLANG_WARN_UNREACHABLE_CODE = YES;
				CLANG_WARN__DUPLICATE_METHOD_MATCH = YES;
				"CODE_SIGN_IDENTITY[sdk=iphoneos*]" = "iPhone Developer";
				COPY_PHASE_STRIP = NO;
				DEBUG_INFORMATION_FORMAT = dwarf;
				ENABLE_STRICT_OBJC_MSGSEND = YES;
				ENABLE_TESTABILITY = YES;
				GCC_C_LANGUAGE_STANDARD = gnu99;
				GCC_DYNAMIC_NO_PIC = NO;
				GCC_NO_COMMON_BLOCKS = YES;
				GCC_OPTIMIZATION_LEVEL = 0;
				GCC_PREPROCESSOR_DEFINITIONS = (
					"DEBUG=1",
					"$(inherited)",
				);
				GCC_WARN_64_TO_32_BIT_CONVERSION = YES;
				GCC_WARN_ABOUT_RETURN_TYPE = YES_ERROR;
				GCC_WARN_UNDECLARED_SELECTOR = YES;
				GCC_WARN_UNINITIALIZED_AUTOS = YES_AGGRESSIVE;
				GCC_WARN_UNUSED_FUNCTION = YES;
				GCC_WARN_UNUSED_VARIABLE = YES;
				IPHONEOS_DEPLOYMENT_TARGET = 9.0;
				MTL_ENABLE_DEBUG_INFO = YES;
				ONLY_ACTIVE_ARCH = YES;
				SDKROOT = iphoneos;
			};
			name = Debug;
		};
		86E1F5161DC0DB9E006AFE12 /* Release */ = {
			isa = XCBuildConfiguration;
			buildSettings = {
				ALWAYS_SEARCH_USER_PATHS = NO;
				CLANG_CXX_LANGUAGE_STANDARD = "gnu++0x";
				CLANG_CXX_LIBRARY = "libc++";
				CLANG_ENABLE_MODULES = YES;
				CLANG_ENABLE_OBJC_ARC = YES;
				CLANG_WARN_BOOL_CONVERSION = YES;
				CLANG_WARN_CONSTANT_CONVERSION = YES;
				CLANG_WARN_DIRECT_OBJC_ISA_USAGE = YES_ERROR;
				CLANG_WARN_EMPTY_BODY = YES;
				CLANG_WARN_ENUM_CONVERSION = YES;
				CLANG_WARN_INT_CONVERSION = YES;
				CLANG_WARN_OBJC_ROOT_CLASS = YES_ERROR;
				CLANG_WARN_UNREACHABLE_CODE = YES;
				CLANG_WARN__DUPLICATE_METHOD_MATCH = YES;
				"CODE_SIGN_IDENTITY[sdk=iphoneos*]" = "iPhone Developer";
				COPY_PHASE_STRIP = NO;
				DEBUG_INFORMATION_FORMAT = "dwarf-with-dsym";
				ENABLE_NS_ASSERTIONS = NO;
				ENABLE_STRICT_OBJC_MSGSEND = YES;
				GCC_C_LANGUAGE_STANDARD = gnu99;
				GCC_NO_COMMON_BLOCKS = YES;
				GCC_WARN_64_TO_32_BIT_CONVERSION = YES;
				GCC_WARN_ABOUT_RETURN_TYPE = YES_ERROR;
				GCC_WARN_UNDECLARED_SELECTOR = YES;
				GCC_WARN_UNINITIALIZED_AUTOS = YES_AGGRESSIVE;
				GCC_WARN_UNUSED_FUNCTION = YES;
				GCC_WARN_UNUSED_VARIABLE = YES;
				IPHONEOS_DEPLOYMENT_TARGET = 9.0;
				MTL_ENABLE_DEBUG_INFO = NO;
				SDKROOT = iphoneos;
				VALIDATE_PRODUCT = YES;
			};
			name = Release;
		};
		86E1F5181DC0DB9E006AFE12 /* Debug */ = {
			isa = XCBuildConfiguration;
			buildSettings = {
				ASSETCATALOG_COMPILER_APPICON_NAME = AppIcon;
				ASSETCATALOG_COMPILER_LAUNCHIMAGE_NAME = BrandAsset;
				INFOPLIST_FILE = "百思不得姐/Info.plist";
				LD_RUNPATH_SEARCH_PATHS = "$(inherited) @executable_path/Frameworks";
				PRODUCT_BUNDLE_IDENTIFIER = "edu.Whhan-University.-----";
				PRODUCT_NAME = "$(TARGET_NAME)";
			};
			name = Debug;
		};
		86E1F5191DC0DB9E006AFE12 /* Release */ = {
			isa = XCBuildConfiguration;
			buildSettings = {
				ASSETCATALOG_COMPILER_APPICON_NAME = AppIcon;
				ASSETCATALOG_COMPILER_LAUNCHIMAGE_NAME = BrandAsset;
				INFOPLIST_FILE = "百思不得姐/Info.plist";
				LD_RUNPATH_SEARCH_PATHS = "$(inherited) @executable_path/Frameworks";
				PRODUCT_BUNDLE_IDENTIFIER = "edu.Whhan-University.-----";
				PRODUCT_NAME = "$(TARGET_NAME)";
			};
			name = Release;
		};
		86E1F51B1DC0DB9E006AFE12 /* Debug */ = {
			isa = XCBuildConfiguration;
			buildSettings = {
				BUNDLE_LOADER = "$(TEST_HOST)";
				INFOPLIST_FILE = "百思不得姐Tests/Info.plist";
				LD_RUNPATH_SEARCH_PATHS = "$(inherited) @executable_path/Frameworks @loader_path/Frameworks";
				PRODUCT_BUNDLE_IDENTIFIER = "edu.Whhan-University.-----Tests";
				PRODUCT_NAME = "$(TARGET_NAME)";
				TEST_HOST = "$(BUILT_PRODUCTS_DIR)/百思不得姐.app/百思不得姐";
			};
			name = Debug;
		};
		86E1F51C1DC0DB9E006AFE12 /* Release */ = {
			isa = XCBuildConfiguration;
			buildSettings = {
				BUNDLE_LOADER = "$(TEST_HOST)";
				INFOPLIST_FILE = "百思不得姐Tests/Info.plist";
				LD_RUNPATH_SEARCH_PATHS = "$(inherited) @executable_path/Frameworks @loader_path/Frameworks";
				PRODUCT_BUNDLE_IDENTIFIER = "edu.Whhan-University.-----Tests";
				PRODUCT_NAME = "$(TARGET_NAME)";
				TEST_HOST = "$(BUILT_PRODUCTS_DIR)/百思不得姐.app/百思不得姐";
			};
			name = Release;
		};
		86E1F51E1DC0DB9E006AFE12 /* Debug */ = {
			isa = XCBuildConfiguration;
			buildSettings = {
				INFOPLIST_FILE = "百思不得姐UITests/Info.plist";
				LD_RUNPATH_SEARCH_PATHS = "$(inherited) @executable_path/Frameworks @loader_path/Frameworks";
				PRODUCT_BUNDLE_IDENTIFIER = "edu.Whhan-University.-----UITests";
				PRODUCT_NAME = "$(TARGET_NAME)";
				TEST_TARGET_NAME = "百思不得姐";
				USES_XCTRUNNER = YES;
			};
			name = Debug;
		};
		86E1F51F1DC0DB9E006AFE12 /* Release */ = {
			isa = XCBuildConfiguration;
			buildSettings = {
				INFOPLIST_FILE = "百思不得姐UITests/Info.plist";
				LD_RUNPATH_SEARCH_PATHS = "$(inherited) @executable_path/Frameworks @loader_path/Frameworks";
				PRODUCT_BUNDLE_IDENTIFIER = "edu.Whhan-University.-----UITests";
				PRODUCT_NAME = "$(TARGET_NAME)";
				TEST_TARGET_NAME = "百思不得姐";
				USES_XCTRUNNER = YES;
			};
			name = Release;
		};
/* End XCBuildConfiguration section */

/* Begin XCConfigurationList section */
		86E1F4E51DC0DB9E006AFE12 /* Build configuration list for PBXProject "百思不得姐" */ = {
			isa = XCConfigurationList;
			buildConfigurations = (
				86E1F5151DC0DB9E006AFE12 /* Debug */,
				86E1F5161DC0DB9E006AFE12 /* Release */,
			);
			defaultConfigurationIsVisible = 0;
			defaultConfigurationName = Release;
		};
		86E1F5171DC0DB9E006AFE12 /* Build configuration list for PBXNativeTarget "百思不得姐" */ = {
			isa = XCConfigurationList;
			buildConfigurations = (
				86E1F5181DC0DB9E006AFE12 /* Debug */,
				86E1F5191DC0DB9E006AFE12 /* Release */,
			);
			defaultConfigurationIsVisible = 0;
			defaultConfigurationName = Release;
		};
		86E1F51A1DC0DB9E006AFE12 /* Build configuration list for PBXNativeTarget "百思不得姐Tests" */ = {
			isa = XCConfigurationList;
			buildConfigurations = (
				86E1F51B1DC0DB9E006AFE12 /* Debug */,
				86E1F51C1DC0DB9E006AFE12 /* Release */,
			);
			defaultConfigurationIsVisible = 0;
			defaultConfigurationName = Release;
		};
		86E1F51D1DC0DB9E006AFE12 /* Build configuration list for PBXNativeTarget "百思不得姐UITests" */ = {
			isa = XCConfigurationList;
			buildConfigurations = (
				86E1F51E1DC0DB9E006AFE12 /* Debug */,
				86E1F51F1DC0DB9E006AFE12 /* Release */,
			);
			defaultConfigurationIsVisible = 0;
			defaultConfigurationName = Release;
		};
/* End XCConfigurationList section */
	};
	rootObject = 86E1F4E21DC0DB9E006AFE12 /* Project object */;
}
